
Microsoft Visual Studio Solution File, Format Version 12.00
# Visual Studio Version 16
VisualStudioVersion = 16.0.30907.101
MinimumVisualStudioVersion = 10.0.40219.1
Project("{FAE04EC0-301F-11D3-BF4B-00C04F79EFBC}") = "Cesibet", "Cesibet\Cesibet.csproj", "{2A06341A-30EF-4B43-87DA-7EEB5244694D}"
EndProject
Global
	GlobalSection(SolutionConfigurationPlatforms) = preSolution
		Debug|Any CPU = Debug|Any CPU
		Release|Any CPU = Release|Any CPU
	EndGlobalSection
	GlobalSection(ProjectConfigurationPlatforms) = postSolution
		{2A06341A-30EF-4B43-87DA-7EEB5244694D}.Debug|Any CPU.ActiveCfg = Debug|Any CPU
		{2A06341A-30EF-4B43-87DA-7EEB5244694D}.Debug|Any CPU.Build.0 = Debug|Any CPU
		{2A06341A-30EF-4B43-87DA-7EEB5244694D}.Release|Any CPU.ActiveCfg = Release|Any CPU
		{2A06341A-30EF-4B43-87DA-7EEB5244694D}.Release|Any CPU.Build.0 = Release|Any CPU
	EndGlobalSection
	GlobalSection(SolutionProperties) = preSolution
		HideSolutionNode = FALSE
	EndGlobalSection
	GlobalSection(ExtensibilityGlobals) = postSolution
		SolutionGuid = {C303CC60-BA9C-45F4-8A20-BEC0257C04A4}
	EndGlobalSection
EndGlobal
